
Microsoft Visual Studio Solution File, Format Version 12.00
# Visual Studio 15
VisualStudioVersion = 15.0.27703.2035
MinimumVisualStudioVersion = 10.0.40219.1
Project("{FAE04EC0-301F-11D3-BF4B-00C04F79EFBC}") = "WebApplication1", "WebApplication1\WebApplication1.csproj", "{E648A675-73A6-4491-A5B9-2FAF5DCCD460}"
EndProject
Global
	GlobalSection(SolutionConfigurationPlatforms) = preSolution
		Debug|Any CPU = Debug|Any CPU
		Release|Any CPU = Release|Any CPU
	EndGlobalSection
	GlobalSection(ProjectConfigurationPlatforms) = postSolution
		{E648A675-73A6-4491-A5B9-2FAF5DCCD460}.Debug|Any CPU.ActiveCfg = Debug|Any CPU
		{E648A675-73A6-4491-A5B9-2FAF5DCCD460}.Debug|Any CPU.Build.0 = Debug|Any CPU
		{E648A675-73A6-4491-A5B9-2FAF5DCCD460}.Release|Any CPU.ActiveCfg = Release|Any CPU
		{E648A675-73A6-4491-A5B9-2FAF5DCCD460}.Release|Any CPU.Build.0 = Release|Any CPU
	EndGlobalSection
	GlobalSection(SolutionProperties) = preSolution
		HideSolutionNode = FALSE
	EndGlobalSection
	GlobalSection(ExtensibilityGlobals) = postSolution
		SolutionGuid = {2589A59A-37F6-4E8A-9164-2E9C979054BE}
	EndGlobalSection
EndGlobal
